
Microsoft Visual Studio Solution File, Format Version 12.00
# Visual Studio Version 17
VisualStudioVersion = 17.7.34221.43
MinimumVisualStudioVersion = 10.0.40219.1
Project("{FAE04EC0-301F-11D3-BF4B-00C04F79EFBC}") = "AdminEventPlanning", "AdminEventPlanning\AdminEventPlanning.csproj", "{358758B5-D3B6-43EA-89EB-B210179F39C2}"
EndProject
Project("{9A19103F-16F7-4668-BE54-9A1E7A4F7556}") = "AdminQuotation", "AdminQuotation\AdminQuotation.csproj", "{CBE8EAD1-1859-470D-92DD-02C65D7EA81E}"
EndProject
Global
	GlobalSection(SolutionConfigurationPlatforms) = preSolution
		Debug|Any CPU = Debug|Any CPU
		Release|Any CPU = Release|Any CPU
	EndGlobalSection
	GlobalSection(ProjectConfigurationPlatforms) = postSolution
		{358758B5-D3B6-43EA-89EB-B210179F39C2}.Debug|Any CPU.ActiveCfg = Debug|Any CPU
		{358758B5-D3B6-43EA-89EB-B210179F39C2}.Debug|Any CPU.Build.0 = Debug|Any CPU
		{358758B5-D3B6-43EA-89EB-B210179F39C2}.Release|Any CPU.ActiveCfg = Release|Any CPU
		{358758B5-D3B6-43EA-89EB-B210179F39C2}.Release|Any CPU.Build.0 = Release|Any CPU
		{CBE8EAD1-1859-470D-92DD-02C65D7EA81E}.Debug|Any CPU.ActiveCfg = Debug|Any CPU
		{CBE8EAD1-1859-470D-92DD-02C65D7EA81E}.Debug|Any CPU.Build.0 = Debug|Any CPU
		{CBE8EAD1-1859-470D-92DD-02C65D7EA81E}.Release|Any CPU.ActiveCfg = Release|Any CPU
		{CBE8EAD1-1859-470D-92DD-02C65D7EA81E}.Release|Any CPU.Build.0 = Release|Any CPU
	EndGlobalSection
	GlobalSection(SolutionProperties) = preSolution
		HideSolutionNode = FALSE
	EndGlobalSection
	GlobalSection(ExtensibilityGlobals) = postSolution
		SolutionGuid = {944AF79C-76F4-4EAC-A4AF-B9C870145893}
	EndGlobalSection
EndGlobal
